# This file was autogenerated by Stack.
# You should not edit this file by hand.
# For more information, please see the documentation at:
#   https://docs.haskellstack.org/en/stable/lock_files

packages:
- completed:
    hackage: sort-1.0.0.0@sha256:de275445308122c5b5f457b3a65509a0373295c5831548f012e496caaeb3d369,997
    pantry-tree:
      size: 260
      sha256: b797697c1f1721fbe47bfa9eee854eeade92134fbf9885cf40a2e6ffae6221a4
  original:
    hackage: sort-1.0.0.0@sha256:de275445308122c5b5f457b3a65509a0373295c5831548f012e496caaeb3d369,997
snapshots:
- completed:
    size: 421254
    url: https://raw.githubusercontent.com/commercialhaskell/stackage-snapshots/master/lts/7/8.yaml
    sha256: 6c23440fac4e17615e869c98e7c4bd40ce4a4333a95da82d2176ab598d5db63f
  original: lts-7.8
